# This file is automatically @generated by Poetry 1.8.3 and should not be changed by hand.

[[package]]
name = "pyqt5"
version = "5.15.4"
description = "Python bindings for the Qt cross platform application toolkit"
optional = false
python-versions = ">=3.6"
files = [
    {file = "PyQt5-5.15.4-cp36.cp37.cp38.cp39-abi3-macosx_10_13_intel.whl", hash = "sha256:8c0848ba790a895801d5bfd171da31cad3e551dbcc4e59677a3b622de2ceca98"},
    {file = "PyQt5-5.15.4-cp36.cp37.cp38.cp39-abi3-manylinux2014_x86_64.whl", hash = "sha256:883a549382fc22d29a0568f3ef20b38c8e7ab633a59498ac4eb63a3bf36d3fd3"},
    {file = "PyQt5-5.15.4-cp36.cp37.cp38.cp39-none-win32.whl", hash = "sha256:a88526a271e846e44779bb9ad7a738c6d3c4a9d01e15a128ecfc6dd4696393b7"},
    {file = "PyQt5-5.15.4-cp36.cp37.cp38.cp39-none-win_amd64.whl", hash = "sha256:213bebd51821ed89b4d5b35bb10dbe67564228b3568f463a351a08e8b1677025"},
    {file = "PyQt5-5.15.4.tar.gz", hash = "sha256:2a69597e0dd11caabe75fae133feca66387819fc9bc050f547e5551bce97e5be"},
]

[package.dependencies]
PyQt5-Qt5 = ">=5.15"
PyQt5-sip = ">=12.8,<13"

[[package]]
name = "pyqt5-qt5"
version = "5.15.14"
description = "The subset of a Qt installation needed by PyQt5."
optional = false
python-versions = "*"
files = [
    {file = "PyQt5_Qt5-5.15.14-py3-none-macosx_10_13_x86_64.whl", hash = "sha256:c89b35b2aaf24d2805cc76fe31880c77b7f7557db8aafb26f1015f1bba7031d6"},
    {file = "PyQt5_Qt5-5.15.14-py3-none-macosx_11_0_arm64.whl", hash = "sha256:730da7e6a97f6bad1b6df21082fe625647730418bc83e20cbc2ff6401ed0a8be"},
    {file = "PyQt5_Qt5-5.15.14-py3-none-manylinux2014_x86_64.whl", hash = "sha256:aa3911276b1a1aa9b5b9cba687ef905faddd706980d34e234312591c3d3cbef8"},
]

[[package]]
name = "pyqt5-sip"
version = "12.15.0"
description = "The sip module support for PyQt5"
optional = false
python-versions = ">=3.8"
files = [
    {file = "PyQt5_sip-12.15.0-cp310-cp310-macosx_10_9_universal2.whl", hash = "sha256:749f7a3ffd6e3d2d5db65ed92c95cbd14490631595c61f0c0672c9238bfb17de"},
    {file = "PyQt5_sip-12.15.0-cp310-cp310-manylinux_2_5_x86_64.manylinux1_x86_64.whl", hash = "sha256:b4adc529fa4ec05728e14ea55194d907cc51f18d6f2ac5cc9f6eb52ac038aa0f"},
    {file = "PyQt5_sip-12.15.0-cp310-cp310-win32.whl", hash = "sha256:83d247cdc43ef224410b14c97413067ea26356dfa39e9ed0fe702a31e25710b0"},
    {file = "PyQt5_sip-12.15.0-cp310-cp310-win_amd64.whl", hash = "sha256:13f0c6a78e781255863e3e160304648efaf62276b7102741af637b63a6e96930"},
    {file = "PyQt5_sip-12.15.0-cp311-cp311-macosx_10_9_universal2.whl", hash = "sha256:855563d4d3b59ce7438bbf2dd32fed2707787defa40f3efe94f204a19ef92b25"},
    {file = "PyQt5_sip-12.15.0-cp311-cp311-manylinux_2_5_x86_64.manylinux1_x86_64.whl", hash = "sha256:0b718a362f4392430903bbb2a4b9bbff9841a16a52f0cfdd5b5bbd9d11457980"},
    {file = "PyQt5_sip-12.15.0-cp311-cp311-win32.whl", hash = "sha256:2575f428de584a12009fd29d00c89df16ed101a3b38beba818dfdcbc4a10709c"},
    {file = "PyQt5_sip-12.15.0-cp311-cp311-win_amd64.whl", hash = "sha256:c85be433fbafcb3d417581c0e1b67c8198d23858166e4f938e971c2262c13cdb"},
    {file = "PyQt5_sip-12.15.0-cp312-cp312-macosx_10_9_universal2.whl", hash = "sha256:852b75cf208825602480e95ab63314108f872d0da251e9ad3deaaff5a183a6f5"},
    {file = "PyQt5_sip-12.15.0-cp312-cp312-manylinux_2_5_x86_64.manylinux1_x86_64.whl", hash = "sha256:0cd21c3215e3c47fdd5fa7a2dc3dd1e07a7230b0626e905a7217925068c788b9"},
    {file = "PyQt5_sip-12.15.0-cp312-cp312-win32.whl", hash = "sha256:b58eeedc9b2a3037b136bf96915196c391a33be470ed1c0723d7163ef0b727a2"},
    {file = "PyQt5_sip-12.15.0-cp312-cp312-win_amd64.whl", hash = "sha256:24a1d4937332bf0a38dd95bb2ce4d89723df449f6e912b52ef0e107e11fefac1"},
    {file = "PyQt5_sip-12.15.0-cp38-cp38-macosx_11_0_universal2.whl", hash = "sha256:91b9538458a3a23e033c213bc879ce64f3d0a33d5a49cbd03e1e584efe307a35"},
    {file = "PyQt5_sip-12.15.0-cp38-cp38-manylinux_2_5_x86_64.manylinux1_x86_64.whl", hash = "sha256:0c1c727ede7fdc464a1fe2e46109ba836509b2d7187a46fdeae443148ce51d1c"},
    {file = "PyQt5_sip-12.15.0-cp38-cp38-win32.whl", hash = "sha256:dd241de9c569c07bbba62bff1049996e5b52478164f61f430073a87bf6d26d33"},
    {file = "PyQt5_sip-12.15.0-cp38-cp38-win_amd64.whl", hash = "sha256:f600ae6f03e4bff91153c0dc7ebe52f90bd2b6afda58fd580e6990b3b951adc0"},
    {file = "PyQt5_sip-12.15.0-cp39-cp39-macosx_10_9_universal2.whl", hash = "sha256:c0c543d604116af26694a8a5ba90f510551ff9124d503ae5ee14bb73a61363a3"},
    {file = "PyQt5_sip-12.15.0-cp39-cp39-manylinux_2_5_x86_64.manylinux1_x86_64.whl", hash = "sha256:97f2d6e8d9b7b3d3e795d576d7f56e6257f524221f6383b33ded7287763e9f06"},
    {file = "PyQt5_sip-12.15.0-cp39-cp39-win32.whl", hash = "sha256:ed5221c6241981bd98d39504823efb9cbe36841bf8917288f8fe8fc1d5569a41"},
    {file = "PyQt5_sip-12.15.0-cp39-cp39-win_amd64.whl", hash = "sha256:7f88c85702dce80ac2e1a162054f688ed394811d6dd03a5574b3fa8111b0a6db"},
    {file = "PyQt5_sip-12.15.0.tar.gz", hash = "sha256:d23fdfcf363b5cedd9d39f8a9c5710e7d52804f5b08a58e91c638b36eafcb702"},
]

[[package]]
name = "ruff"
version = "0.6.1"
description = "An extremely fast Python linter and code formatter, written in Rust."
optional = false
python-versions = ">=3.7"
files = [
    {file = "ruff-0.6.1-py3-none-linux_armv6l.whl", hash = "sha256:b4bb7de6a24169dc023f992718a9417380301b0c2da0fe85919f47264fb8add9"},
    {file = "ruff-0.6.1-py3-none-macosx_10_12_x86_64.whl", hash = "sha256:45efaae53b360c81043e311cdec8a7696420b3d3e8935202c2846e7a97d4edae"},
    {file = "ruff-0.6.1-py3-none-macosx_11_0_arm64.whl", hash = "sha256:bc60c7d71b732c8fa73cf995efc0c836a2fd8b9810e115be8babb24ae87e0850"},
    {file = "ruff-0.6.1-py3-none-manylinux_2_17_aarch64.manylinux2014_aarch64.whl", hash = "sha256:2c7477c3b9da822e2db0b4e0b59e61b8a23e87886e727b327e7dcaf06213c5cf"},
    {file = "ruff-0.6.1-py3-none-manylinux_2_17_armv7l.manylinux2014_armv7l.whl", hash = "sha256:3a0af7ab3f86e3dc9f157a928e08e26c4b40707d0612b01cd577cc84b8905cc9"},
    {file = "ruff-0.6.1-py3-none-manylinux_2_17_i686.manylinux2014_i686.whl", hash = "sha256:392688dbb50fecf1bf7126731c90c11a9df1c3a4cdc3f481b53e851da5634fa5"},
    {file = "ruff-0.6.1-py3-none-manylinux_2_17_ppc64.manylinux2014_ppc64.whl", hash = "sha256:5278d3e095ccc8c30430bcc9bc550f778790acc211865520f3041910a28d0024"},
    {file = "ruff-0.6.1-py3-none-manylinux_2_17_ppc64le.manylinux2014_ppc64le.whl", hash = "sha256:fe6d5f65d6f276ee7a0fc50a0cecaccb362d30ef98a110f99cac1c7872df2f18"},
    {file = "ruff-0.6.1-py3-none-manylinux_2_17_s390x.manylinux2014_s390x.whl", hash = "sha256:b2e0dd11e2ae553ee5c92a81731d88a9883af8db7408db47fc81887c1f8b672e"},
    {file = "ruff-0.6.1-py3-none-manylinux_2_17_x86_64.manylinux2014_x86_64.whl", hash = "sha256:d812615525a34ecfc07fd93f906ef5b93656be01dfae9a819e31caa6cfe758a1"},
    {file = "ruff-0.6.1-py3-none-musllinux_1_2_aarch64.whl", hash = "sha256:faaa4060f4064c3b7aaaa27328080c932fa142786f8142aff095b42b6a2eb631"},
    {file = "ruff-0.6.1-py3-none-musllinux_1_2_armv7l.whl", hash = "sha256:99d7ae0df47c62729d58765c593ea54c2546d5de213f2af2a19442d50a10cec9"},
    {file = "ruff-0.6.1-py3-none-musllinux_1_2_i686.whl", hash = "sha256:9eb18dfd7b613eec000e3738b3f0e4398bf0153cb80bfa3e351b3c1c2f6d7b15"},
    {file = "ruff-0.6.1-py3-none-musllinux_1_2_x86_64.whl", hash = "sha256:c62bc04c6723a81e25e71715aa59489f15034d69bf641df88cb38bdc32fd1dbb"},
    {file = "ruff-0.6.1-py3-none-win32.whl", hash = "sha256:9fb4c4e8b83f19c9477a8745e56d2eeef07a7ff50b68a6998f7d9e2e3887bdc4"},
    {file = "ruff-0.6.1-py3-none-win_amd64.whl", hash = "sha256:c2ebfc8f51ef4aca05dad4552bbcf6fe8d1f75b2f6af546cc47cc1c1ca916b5b"},
    {file = "ruff-0.6.1-py3-none-win_arm64.whl", hash = "sha256:3bc81074971b0ffad1bd0c52284b22411f02a11a012082a76ac6da153536e014"},
    {file = "ruff-0.6.1.tar.gz", hash = "sha256:af3ffd8c6563acb8848d33cd19a69b9bfe943667f0419ca083f8ebe4224a3436"},
]

[metadata]
lock-version = "2.0"
python-versions = "^3.10"
content-hash = "cf0d9290d42a732e3df0d8b6c6654a02e3751dc212f0f9f7b12463235beb63ca"
